lockfileVersion: '6.0'

settings:
  autoInstallPeers: true
  excludeLinksFromLockfile: false

dependencies:
  '@fvilers/disable-react-devtools':
    specifier: ^1.3.0
    version: 1.3.0

packages:

  /@fvilers/disable-react-devtools@1.3.0:
    resolution: {integrity: sha512-LbASP6voPkKS5b6OlQhupEDtMeoAakamauqLEFHatkQUTmblNY5nPK7/eSqKBXxExT6uypVPczpTsJjJIrhpOQ==}
    dev: false
